
Microsoft Visual Studio Solution File, Format Version 12.00
# Visual Studio 2017
Project("{FAE04EC0-301F-11D3-BF4B-00C04F79EFBC}") = "unity_socket_tcp_client", "unity_socket_tcp_client.csproj", "{62D121BF-2E96-D34A-15C3-7C948DA1867A}"
EndProject
Project("{FAE04EC0-301F-11D3-BF4B-00C04F79EFBC}") = "unity_socket_tcp_client.Editor", "unity_socket_tcp_client.Editor.csproj", "{0D29622D-1155-FF72-34FA-6FD54576A4E0}"
EndProject
Global
	GlobalSection(SolutionConfigurationPlatforms) = preSolution
		Debug|Any CPU = Debug|Any CPU
		Release|Any CPU = Release|Any CPU
	EndGlobalSection
	GlobalSection(ProjectConfigurationPlatforms) = postSolution
		{62D121BF-2E96-D34A-15C3-7C948DA1867A}.Debug|Any CPU.ActiveCfg = Debug|Any CPU
		{62D121BF-2E96-D34A-15C3-7C948DA1867A}.Debug|Any CPU.Build.0 = Debug|Any CPU
		{62D121BF-2E96-D34A-15C3-7C948DA1867A}.Release|Any CPU.ActiveCfg = Release|Any CPU
		{62D121BF-2E96-D34A-15C3-7C948DA1867A}.Release|Any CPU.Build.0 = Release|Any CPU
		{0D29622D-1155-FF72-34FA-6FD54576A4E0}.Debug|Any CPU.ActiveCfg = Debug|Any CPU
		{0D29622D-1155-FF72-34FA-6FD54576A4E0}.Debug|Any CPU.Build.0 = Debug|Any CPU
		{0D29622D-1155-FF72-34FA-6FD54576A4E0}.Release|Any CPU.ActiveCfg = Release|Any CPU
		{0D29622D-1155-FF72-34FA-6FD54576A4E0}.Release|Any CPU.Build.0 = Release|Any CPU
	EndGlobalSection
	GlobalSection(SolutionProperties) = preSolution
		HideSolutionNode = FALSE
	EndGlobalSection
EndGlobal
